dependencies:
- name: gateway
  repository: ""
  version: 0.21.1
- name: nginx-ingress-controller
  repository: https://charts.bitnami.com/bitnami
  version: 9.11.0
- name: postgresql
  repository: https://charts.bitnami.com/bitnami
  version: 13.4.4
- name: kuberay-operator
  repository: https://ray-project.github.io/kuberay-helm
  version: 1.1.1
digest: sha256:66aa676552fc569d63d2433414b9b116c6833f58801ca8de3aa0e4d7e66ace32
generated: "2025-03-19T18:47:17.196619173Z"
