dependencies:
- name: gateway
  repository: ""
  version: 0.28.1
- name: nginx-ingress-controller
  repository: https://charts.bitnami.com/bitnami
  version: 9.11.0
- name: postgresql
  repository: https://charts.bitnami.com/bitnami
  version: 16.7.27
- name: kuberay-operator
  repository: https://ray-project.github.io/kuberay-helm
  version: 1.3.2
digest: sha256:5f36f2fbe3cf7c40eab9f9f2333d850a0d91d773be2c2a5e85811dcfbfa70297
generated: "2026-02-09T14:03:38.176395377Z"
