dependencies:
- name: gateway
  repository: ""
  version: 0.25.0
- name: nginx-ingress-controller
  repository: https://charts.bitnami.com/bitnami
  version: 9.11.0
- name: postgresql
  repository: https://charts.bitnami.com/bitnami
  version: 13.4.4
- name: kuberay-operator
  repository: https://ray-project.github.io/kuberay-helm
  version: 1.3.2
digest: sha256:d8efa4b0c4d03486c921f7cbb977928cc9732ad0d7be8d10bdc1517652c81e0c
generated: "2025-07-07T11:49:40.868548636Z"
