dependencies:
- name: kube-prometheus-stack
  repository: https://prometheus-community.github.io/helm-charts
  version: 45.31.1
- name: loki
  repository: https://grafana.github.io/helm-charts
  version: 4.10.0
- name: promtail
  repository: https://grafana.github.io/helm-charts
  version: 6.11.6
digest: sha256:d666a3dcacdcd9e862e02e11efa47b807ea94b351925399f0e6ab41aac345ca4
generated: "2023-07-17T08:53:07.327704481Z"
