dependencies:
- name: kube-prometheus-stack
  repository: https://prometheus-community.github.io/helm-charts
  version: 45.31.1
- name: loki
  repository: https://grafana.github.io/helm-charts
  version: 4.10.0
- name: promtail
  repository: https://grafana.github.io/helm-charts
  version: 6.11.7
digest: sha256:6ff2a7c129f18fcf8f9ba426b4df062e7d5902180e37ac6229a19c5a20be4912
generated: "2023-07-18T17:30:43.340253269Z"
