dependencies:
- name: gateway
  repository: ""
  version: 0.3.1
- name: jupyter
  repository: ""
  version: 0.3.1
- name: nginx-ingress-controller
  repository: https://charts.bitnami.com/bitnami
  version: 9.7.5
- name: kuberay-operator
  repository: https://ray-project.github.io/kuberay-helm
  version: 0.5.2
- name: redis
  repository: https://charts.bitnami.com/bitnami
  version: 17.13.2
- name: keycloak
  repository: https://charts.bitnami.com/bitnami
  version: 13.4.1
- name: repository
  repository: ""
  version: 0.3.1
digest: sha256:0a29bed08773cbc8f860b69dc0b5240132e8ef5738b8dc854e08d0f1745870cf
generated: "2023-07-17T15:38:19.122200822Z"
