dependencies:
- name: gateway
  repository: ""
  version: 0.3.2
- name: jupyter
  repository: ""
  version: 0.3.2
- name: nginx-ingress-controller
  repository: https://charts.bitnami.com/bitnami
  version: 9.7.7
- name: kuberay-operator
  repository: https://ray-project.github.io/kuberay-helm
  version: 0.5.2
- name: redis
  repository: https://charts.bitnami.com/bitnami
  version: 17.13.2
- name: keycloak
  repository: https://charts.bitnami.com/bitnami
  version: 13.4.1
- name: repository
  repository: ""
  version: 0.3.2
digest: sha256:3d576f7f6a3dfdb8d4d89901f0fe9eb0dadc466b5a9df0db9236251ac43ebf8a
generated: "2023-07-31T11:10:16.796075328Z"
