dependencies:
- name: gateway
  repository: ""
  version: 0.3.1
- name: jupyter
  repository: ""
  version: 0.3.1
- name: nginx-ingress-controller
  repository: https://charts.bitnami.com/bitnami
  version: 9.7.5
- name: kuberay-operator
  repository: https://ray-project.github.io/kuberay-helm
  version: 0.5.2
- name: redis
  repository: https://charts.bitnami.com/bitnami
  version: 17.11.8
- name: keycloak
  repository: https://charts.bitnami.com/bitnami
  version: 13.4.1
- name: repository
  repository: ""
  version: 0.3.1
digest: sha256:d5e9ed63cbfbf2d674c3bd348a76b030f46d6d26ee5ab686cce57e739c767f8d
generated: "2023-07-14T11:39:59.741761+02:00"
