dependencies:
- name: kube-prometheus-stack
  repository: https://prometheus-community.github.io/helm-charts
  version: 45.31.1
- name: loki
  repository: https://grafana.github.io/helm-charts
  version: 4.10.0
- name: promtail
  repository: https://grafana.github.io/helm-charts
  version: 6.15.5
digest: sha256:f2e06245745974ffee0c8e67003974d44bd08234b796bb7696befae3e4581ebd
generated: "2024-02-21T16:32:40.011993592Z"
