dependencies:
- name: kube-prometheus-stack
  repository: https://prometheus-community.github.io/helm-charts
  version: 45.31.1
- name: loki
  repository: https://grafana.github.io/helm-charts
  version: 4.10.0
- name: promtail
  repository: https://grafana.github.io/helm-charts
  version: 6.15.4
digest: sha256:dd676a7e5cfdb477a32ee7ee6261e8bcc05a47e14b29331a9b0ef269dfc1790c
generated: "2024-01-24T22:02:08.03406892Z"
