dependencies:
- name: kube-prometheus-stack
  repository: https://prometheus-community.github.io/helm-charts
  version: 45.31.1
- name: loki
  repository: https://grafana.github.io/helm-charts
  version: 4.10.0
- name: promtail
  repository: https://grafana.github.io/helm-charts
  version: 6.15.2
digest: sha256:26b538645a8ded7b0a6ea7c663d95fdcc5b743dcc86012b52b7a81a77964b968
generated: "2023-10-03T21:13:08.275631633Z"
