dependencies:
- name: jupyter
  repository: ""
  version: 0.1.0
- name: kuberay-operator
  repository: https://ray-project.github.io/kuberay-helm
  version: 0.4.0
- name: ray-cluster
  repository: https://ray-project.github.io/kuberay-helm
  version: 0.4.0
- name: manager
  repository: ""
  version: 0.1.0
- name: redis
  repository: https://charts.bitnami.com/bitnami
  version: 17.4.3
digest: sha256:1f1f3a40ece0093c3f1fa0fa6fe4e1cb43b8268ac2411701dc3bf0e95a0f0e02
generated: "2023-01-18T14:35:23.24738369Z"
