dependencies:
- name: gateway
  repository: ""
  version: 0.2.1
- name: jupyter
  repository: ""
  version: 0.2.1
- name: nginx-ingress-controller
  repository: https://charts.bitnami.com/bitnami
  version: 9.7.5
- name: kuberay-operator
  repository: https://ray-project.github.io/kuberay-helm
  version: 0.5.2
- name: redis
  repository: https://charts.bitnami.com/bitnami
  version: 17.11.7
- name: keycloak
  repository: https://charts.bitnami.com/bitnami
  version: 13.4.1
- name: repository
  repository: ""
  version: 0.2.1
digest: sha256:de682048d8961b12626cf5b859b27261d5b808f0f614bb4157dcc1b79bd41249
generated: "2023-07-10T13:05:41.646279499-04:00"
