dependencies:
- name: jupyter
  repository: ""
  version: 0.1.0
- name: nginx-ingress-controller
  repository: https://charts.bitnami.com/bitnami
  version: 9.3.30
- name: kuberay-operator
  repository: https://ray-project.github.io/kuberay-helm
  version: 0.4.0
- name: kuberay-apiserver
  repository: https://ray-project.github.io/kuberay-helm
  version: 0.4.0
- name: ray-cluster
  repository: https://ray-project.github.io/kuberay-helm
  version: 0.4.0
- name: manager
  repository: ""
  version: 0.1.0
- name: redis
  repository: https://charts.bitnami.com/bitnami
  version: 17.8.0
- name: keycloak
  repository: https://charts.bitnami.com/bitnami
  version: 13.1.0
digest: sha256:0fd33dcafee147114ce101091dd03fe1bc53a95171bdf546d719f2b6fa22e28d
generated: "2023-02-21T20:10:23.686088941Z"
