dependencies:
- name: gateway
  repository: ""
  version: 100.0.1
- name: jupyter
  repository: ""
  version: 100.0.1
- name: nginx-ingress-controller
  repository: https://charts.bitnami.com/bitnami
  version: 9.7.9
- name: kuberay-operator
  repository: https://ray-project.github.io/kuberay-helm
  version: 0.6.1
- name: keycloak
  repository: https://charts.bitnami.com/bitnami
  version: 13.4.1
- name: repository
  repository: ""
  version: 100.0.1
digest: sha256:461dad82b5dd0439de48856702faede69ca546c6da9ac275ebbf3940c97cdd84
generated: "2023-11-03T17:16:51.28343811Z"
