dependencies:
- name: gateway
  repository: ""
  version: 0.10.1
- name: nginx-ingress-controller
  repository: https://charts.bitnami.com/bitnami
  version: 9.11.0
- name: postgresql
  repository: https://charts.bitnami.com/bitnami
  version: 13.4.4
- name: kuberay-operator
  repository: https://ray-project.github.io/kuberay-helm
  version: 1.0.0
digest: sha256:c9635374c2022481190e791838a9fd768dafd60c0bb58b0393af5ebd0b76d27b
generated: "2024-04-29T20:20:06.29087398Z"
