dependencies:
- name: gateway
  repository: ""
  version: 0.8.0
- name: jupyter
  repository: ""
  version: 0.8.0
- name: nginx-ingress-controller
  repository: https://charts.bitnami.com/bitnami
  version: 9.9.3
- name: postgresql
  repository: https://charts.bitnami.com/bitnami
  version: 13.2.23
- name: kuberay-operator
  repository: https://ray-project.github.io/kuberay-helm
  version: 0.6.1
- name: repository
  repository: ""
  version: 0.8.0
digest: sha256:c85e5218c51704735d12a6842665ad5de59519bb7da1e4aaea8d2f7f993f24a3
generated: "2023-12-01T14:05:30.569353-05:00"
